
Microsoft Visual Studio Solution File, Format Version 12.00
# Visual Studio 2013
VisualStudioVersion = 12.0.21005.1
MinimumVisualStudioVersion = 10.0.40219.1
Project("{FAE04EC0-301F-11D3-BF4B-00C04F79EFBC}") = "CustomerLibrary", "CustomerLibrary\CustomerLibrary.csproj", "{FA946C55-0CA6-4E40-8B40-39FD580C4ED4}"
EndProject
Project("{2150E333-8FDC-42A3-9474-1A3956D46DE8}") = "Factory", "Factory", "{15D80F33-3A57-4E70-A9CD-B9A53034217D}"
EndProject
Project("{FAE04EC0-301F-11D3-BF4B-00C04F79EFBC}") = "Factory", "Factory\Factory.csproj", "{01BB7D26-21DE-4339-94BA-449348A06745}"
EndProject
Global
	GlobalSection(SolutionConfigurationPlatforms) = preSolution
		Debug|Any CPU = Debug|Any CPU
		Release|Any CPU = Release|Any CPU
	EndGlobalSection
	GlobalSection(ProjectConfigurationPlatforms) = postSolution
		{FA946C55-0CA6-4E40-8B40-39FD580C4ED4}.Debug|Any CPU.ActiveCfg = Debug|Any CPU
		{FA946C55-0CA6-4E40-8B40-39FD580C4ED4}.Debug|Any CPU.Build.0 = Debug|Any CPU
		{FA946C55-0CA6-4E40-8B40-39FD580C4ED4}.Release|Any CPU.ActiveCfg = Release|Any CPU
		{FA946C55-0CA6-4E40-8B40-39FD580C4ED4}.Release|Any CPU.Build.0 = Release|Any CPU
		{01BB7D26-21DE-4339-94BA-449348A06745}.Debug|Any CPU.ActiveCfg = Debug|Any CPU
		{01BB7D26-21DE-4339-94BA-449348A06745}.Debug|Any CPU.Build.0 = Debug|Any CPU
		{01BB7D26-21DE-4339-94BA-449348A06745}.Release|Any CPU.ActiveCfg = Release|Any CPU
		{01BB7D26-21DE-4339-94BA-449348A06745}.Release|Any CPU.Build.0 = Release|Any CPU
	EndGlobalSection
	GlobalSection(SolutionProperties) = preSolution
		HideSolutionNode = FALSE
	EndGlobalSection
	GlobalSection(NestedProjects) = preSolution
		{01BB7D26-21DE-4339-94BA-449348A06745} = {15D80F33-3A57-4E70-A9CD-B9A53034217D}
	EndGlobalSection
EndGlobal
